
Microsoft Visual Studio Solution File, Format Version 12.00
# Visual Studio 15
VisualStudioVersion = 15.0.28010.0
MinimumVisualStudioVersion = 10.0.40219.1
Project("{FAE04EC0-301F-11D3-BF4B-00C04F79EFBC}") = "Backend", "Backend\Backend.csproj", "{74F4A612-C66C-4753-B1B8-BD3FA5E1D261}"
EndProject
Global
	GlobalSection(SolutionConfigurationPlatforms) = preSolution
		Debug|Any CPU = Debug|Any CPU
		Release|Any CPU = Release|Any CPU
	EndGlobalSection
	GlobalSection(ProjectConfigurationPlatforms) = postSolution
		{74F4A612-C66C-4753-B1B8-BD3FA5E1D261}.Debug|Any CPU.ActiveCfg = Debug|Any CPU
		{74F4A612-C66C-4753-B1B8-BD3FA5E1D261}.Debug|Any CPU.Build.0 = Debug|Any CPU
		{74F4A612-C66C-4753-B1B8-BD3FA5E1D261}.Release|Any CPU.ActiveCfg = Release|Any CPU
		{74F4A612-C66C-4753-B1B8-BD3FA5E1D261}.Release|Any CPU.Build.0 = Release|Any CPU
	EndGlobalSection
	GlobalSection(SolutionProperties) = preSolution
		HideSolutionNode = FALSE
	EndGlobalSection
	GlobalSection(ExtensibilityGlobals) = postSolution
		SolutionGuid = {2F6715C8-8BAC-4CC6-8218-CE7F252BF4E9}
	EndGlobalSection
EndGlobal
